
Microsoft Visual Studio Solution File, Format Version 12.00
# Visual Studio Version 17
VisualStudioVersion = 17.14.36221.1 d17.14
MinimumVisualStudioVersion = 10.0.40219.1
Project("{FAE04EC0-301F-11D3-BF4B-00C04F79EFBC}") = "BoyTechBooking.Web", "BoyTechBooking.Web\BoyTechBooking.Web.csproj", "{60707BD2-BBB4-4C24-8951-4D0872617679}"
EndProject
Project("{FAE04EC0-301F-11D3-BF4B-00C04F79EFBC}") = "BoyTechBooking.Domain", "BoyTechBooking.Domain\BoyTechBooking.Domain.csproj", "{07A72DED-7CCC-4BA2-B4A2-7B3FFBB646E2}"
EndProject
Project("{FAE04EC0-301F-11D3-BF4B-00C04F79EFBC}") = "BoyTechBooking.Application", "BoyTechBooking.Application\BoyTechBooking.Application.csproj", "{403189FE-4923-4058-BF4E-AA528058F2FF}"
EndProject
Project("{FAE04EC0-301F-11D3-BF4B-00C04F79EFBC}") = "BoyTechBooking.Infrastructure", "BoyTechBooking.Infrastructure\BoyTechBooking.Infrastructure.csproj", "{70771FEF-5B62-4448-AE2D-17B3EC5761E0}"
EndProject
Global
	GlobalSection(SolutionConfigurationPlatforms) = preSolution
		Debug|Any CPU = Debug|Any CPU
		Release|Any CPU = Release|Any CPU
	EndGlobalSection
	GlobalSection(ProjectConfigurationPlatforms) = postSolution
		{60707BD2-BBB4-4C24-8951-4D0872617679}.Debug|Any CPU.ActiveCfg = Debug|Any CPU
		{60707BD2-BBB4-4C24-8951-4D0872617679}.Debug|Any CPU.Build.0 = Debug|Any CPU
		{60707BD2-BBB4-4C24-8951-4D0872617679}.Release|Any CPU.ActiveCfg = Release|Any CPU
		{60707BD2-BBB4-4C24-8951-4D0872617679}.Release|Any CPU.Build.0 = Release|Any CPU
		{07A72DED-7CCC-4BA2-B4A2-7B3FFBB646E2}.Debug|Any CPU.ActiveCfg = Debug|Any CPU
		{07A72DED-7CCC-4BA2-B4A2-7B3FFBB646E2}.Debug|Any CPU.Build.0 = Debug|Any CPU
		{07A72DED-7CCC-4BA2-B4A2-7B3FFBB646E2}.Release|Any CPU.ActiveCfg = Release|Any CPU
		{07A72DED-7CCC-4BA2-B4A2-7B3FFBB646E2}.Release|Any CPU.Build.0 = Release|Any CPU
		{403189FE-4923-4058-BF4E-AA528058F2FF}.Debug|Any CPU.ActiveCfg = Debug|Any CPU
		{403189FE-4923-4058-BF4E-AA528058F2FF}.Debug|Any CPU.Build.0 = Debug|Any CPU
		{403189FE-4923-4058-BF4E-AA528058F2FF}.Release|Any CPU.ActiveCfg = Release|Any CPU
		{403189FE-4923-4058-BF4E-AA528058F2FF}.Release|Any CPU.Build.0 = Release|Any CPU
		{70771FEF-5B62-4448-AE2D-17B3EC5761E0}.Debug|Any CPU.ActiveCfg = Debug|Any CPU
		{70771FEF-5B62-4448-AE2D-17B3EC5761E0}.Debug|Any CPU.Build.0 = Debug|Any CPU
		{70771FEF-5B62-4448-AE2D-17B3EC5761E0}.Release|Any CPU.ActiveCfg = Release|Any CPU
		{70771FEF-5B62-4448-AE2D-17B3EC5761E0}.Release|Any CPU.Build.0 = Release|Any CPU
	EndGlobalSection
	GlobalSection(SolutionProperties) = preSolution
		HideSolutionNode = FALSE
	EndGlobalSection
	GlobalSection(ExtensibilityGlobals) = postSolution
		SolutionGuid = {153EE551-E937-4B4B-819D-6C089185A230}
	EndGlobalSection
EndGlobal
